
Microsoft Visual Studio Solution File, Format Version 12.00
# Visual Studio Version 17
VisualStudioVersion = 17.4.33122.133
MinimumVisualStudioVersion = 10.0.40219.1
Project("{FAE04EC0-301F-11D3-BF4B-00C04F79EFBC}") = "abstaraction", "abstaraction.csproj", "{80EAA6C7-4DA0-4D68-95E9-99FF3802EAEC}"
EndProject
Global
	GlobalSection(SolutionConfigurationPlatforms) = preSolution
		Debug|Any CPU = Debug|Any CPU
		Release|Any CPU = Release|Any CPU
	EndGlobalSection
	GlobalSection(ProjectConfigurationPlatforms) = postSolution
		{80EAA6C7-4DA0-4D68-95E9-99FF3802EAEC}.Debug|Any CPU.ActiveCfg = Debug|Any CPU
		{80EAA6C7-4DA0-4D68-95E9-99FF3802EAEC}.Debug|Any CPU.Build.0 = Debug|Any CPU
		{80EAA6C7-4DA0-4D68-95E9-99FF3802EAEC}.Release|Any CPU.ActiveCfg = Release|Any CPU
		{80EAA6C7-4DA0-4D68-95E9-99FF3802EAEC}.Release|Any CPU.Build.0 = Release|Any CPU
	EndGlobalSection
	GlobalSection(SolutionProperties) = preSolution
		HideSolutionNode = FALSE
	EndGlobalSection
	GlobalSection(ExtensibilityGlobals) = postSolution
		SolutionGuid = {98B44D12-C528-49C3-B8A5-D13260401356}
	EndGlobalSection
EndGlobal
